
Microsoft Visual Studio Solution File, Format Version 12.00
# Visual Studio 15
VisualStudioVersion = 15.0.26430.6
MinimumVisualStudioVersion = 10.0.40219.1
Project("{A07B5EB6-E848-4116-A8D0-A826331D98C6}") = "Library", "LibraryApplication\Library.sfproj", "{BC7FF7E8-60ED-4EC6-AFE1-06FD3142B03B}"
EndProject
Project("{FAE04EC0-301F-11D3-BF4B-00C04F79EFBC}") = "Library.CardCatalog.Interfaces", "CardCatalogService.Interfaces\Library.CardCatalog.Interfaces.csproj", "{4F8F4163-DA57-43A5-A67D-9829124FD330}"
EndProject
Project("{FAE04EC0-301F-11D3-BF4B-00C04F79EFBC}") = "Library.CardCatalog.Data", "Library.CardCatalog.Data\Library.CardCatalog.Data.csproj", "{BF30F35D-F2FD-4067-A3F1-5549AD3A9339}"
EndProject
Project("{FAE04EC0-301F-11D3-BF4B-00C04F79EFBC}") = "Library.CardCatalog.UnitTests", "Library.CardCatalog.UnitTests\Library.CardCatalog.UnitTests.csproj", "{5CF6FD5B-A3AC-4D40-9141-18E7649EF668}"
EndProject
Project("{FAE04EC0-301F-11D3-BF4B-00C04F79EFBC}") = "Library.CardCatalog", "Library.CardCatalog\Library.CardCatalog.csproj", "{E6E1B595-51E9-41F9-9B41-8A5A47F05F67}"
EndProject
Project("{FAE04EC0-301F-11D3-BF4B-00C04F79EFBC}") = "Library.CardCatalog.Service", "Library.CardCatalog.Service\Library.CardCatalog.Service.csproj", "{A3C0E481-43F5-4B3D-9BC6-F4BB1BAE2A08}"
EndProject
Project("{FAE04EC0-301F-11D3-BF4B-00C04F79EFBC}") = "Library.Account", "Library.Account\Library.Account.csproj", "{5F30F1B8-6606-41A8-BE9E-5F969D7F3113}"
EndProject
Project("{FAE04EC0-301F-11D3-BF4B-00C04F79EFBC}") = "Library.Account.Service", "Library.Account.Service\Library.Account.Service.csproj", "{0F22373E-E0A2-494C-9E6C-4037DFEEA5BB}"
EndProject
Project("{FAE04EC0-301F-11D3-BF4B-00C04F79EFBC}") = "Library.Account.Data", "Library.Account.Data\Library.Account.Data.csproj", "{A6454BD5-8731-42F2-86EC-E9C12FC7C112}"
EndProject
Project("{FAE04EC0-301F-11D3-BF4B-00C04F79EFBC}") = "Library.Account.Interfaces", "Library.Account.Interfaces\Library.Account.Interfaces.csproj", "{44608950-27AB-46DE-B940-20A11B8BC296}"
EndProject
Project("{FAE04EC0-301F-11D3-BF4B-00C04F79EFBC}") = "Library.Account.UnitTests", "Library.Account.UnitTests\Library.Account.UnitTests.csproj", "{6F4549C7-D6A9-4D2A-AB15-8016A03C7EC3}"
EndProject
Project("{FAE04EC0-301F-11D3-BF4B-00C04F79EFBC}") = "Library.Account.Models", "Library.Account.Models\Library.Account.Models.csproj", "{EFD8A6E2-D51E-45CF-9F1B-3AEFF118A42A}"
EndProject
Project("{FAE04EC0-301F-11D3-BF4B-00C04F79EFBC}") = "Library.CardCatalog.Models", "Library.CardCatalog.Models\Library.CardCatalog.Models.csproj", "{3E72D9F7-03F6-48E2-9A10-D174BCC0F35A}"
EndProject
Project("{FAE04EC0-301F-11D3-BF4B-00C04F79EFBC}") = "Common.ElasticSearch", "Common.ElasticSearch\Common.ElasticSearch.csproj", "{1B613A2D-985C-4B95-B150-6056B2628708}"
EndProject
Global
	GlobalSection(SolutionConfigurationPlatforms) = preSolution
		Debug|Any CPU = Debug|Any CPU
		Debug|x64 = Debug|x64
		Release|Any CPU = Release|Any CPU
		Release|x64 = Release|x64
	EndGlobalSection
	GlobalSection(ProjectConfigurationPlatforms) = postSolution
		{BC7FF7E8-60ED-4EC6-AFE1-06FD3142B03B}.Debug|Any CPU.ActiveCfg = Debug|x64
		{BC7FF7E8-60ED-4EC6-AFE1-06FD3142B03B}.Debug|x64.ActiveCfg = Debug|x64
		{BC7FF7E8-60ED-4EC6-AFE1-06FD3142B03B}.Debug|x64.Build.0 = Debug|x64
		{BC7FF7E8-60ED-4EC6-AFE1-06FD3142B03B}.Debug|x64.Deploy.0 = Debug|x64
		{BC7FF7E8-60ED-4EC6-AFE1-06FD3142B03B}.Release|Any CPU.ActiveCfg = Release|x64
		{BC7FF7E8-60ED-4EC6-AFE1-06FD3142B03B}.Release|x64.ActiveCfg = Release|x64
		{BC7FF7E8-60ED-4EC6-AFE1-06FD3142B03B}.Release|x64.Build.0 = Release|x64
		{BC7FF7E8-60ED-4EC6-AFE1-06FD3142B03B}.Release|x64.Deploy.0 = Release|x64
		{4F8F4163-DA57-43A5-A67D-9829124FD330}.Debug|Any CPU.ActiveCfg = Debug|Any CPU
		{4F8F4163-DA57-43A5-A67D-9829124FD330}.Debug|Any CPU.Build.0 = Debug|Any CPU
		{4F8F4163-DA57-43A5-A67D-9829124FD330}.Debug|x64.ActiveCfg = Debug|Any CPU
		{4F8F4163-DA57-43A5-A67D-9829124FD330}.Debug|x64.Build.0 = Debug|Any CPU
		{4F8F4163-DA57-43A5-A67D-9829124FD330}.Release|Any CPU.ActiveCfg = Release|Any CPU
		{4F8F4163-DA57-43A5-A67D-9829124FD330}.Release|Any CPU.Build.0 = Release|Any CPU
		{4F8F4163-DA57-43A5-A67D-9829124FD330}.Release|x64.ActiveCfg = Release|Any CPU
		{4F8F4163-DA57-43A5-A67D-9829124FD330}.Release|x64.Build.0 = Release|Any CPU
		{BF30F35D-F2FD-4067-A3F1-5549AD3A9339}.Debug|Any CPU.ActiveCfg = Debug|Any CPU
		{BF30F35D-F2FD-4067-A3F1-5549AD3A9339}.Debug|Any CPU.Build.0 = Debug|Any CPU
		{BF30F35D-F2FD-4067-A3F1-5549AD3A9339}.Debug|x64.ActiveCfg = Debug|Any CPU
		{BF30F35D-F2FD-4067-A3F1-5549AD3A9339}.Debug|x64.Build.0 = Debug|Any CPU
		{BF30F35D-F2FD-4067-A3F1-5549AD3A9339}.Release|Any CPU.ActiveCfg = Release|Any CPU
		{BF30F35D-F2FD-4067-A3F1-5549AD3A9339}.Release|Any CPU.Build.0 = Release|Any CPU
		{BF30F35D-F2FD-4067-A3F1-5549AD3A9339}.Release|x64.ActiveCfg = Release|Any CPU
		{BF30F35D-F2FD-4067-A3F1-5549AD3A9339}.Release|x64.Build.0 = Release|Any CPU
		{5CF6FD5B-A3AC-4D40-9141-18E7649EF668}.Debug|Any CPU.ActiveCfg = Debug|Any CPU
		{5CF6FD5B-A3AC-4D40-9141-18E7649EF668}.Debug|Any CPU.Build.0 = Debug|Any CPU
		{5CF6FD5B-A3AC-4D40-9141-18E7649EF668}.Debug|x64.ActiveCfg = Debug|Any CPU
		{5CF6FD5B-A3AC-4D40-9141-18E7649EF668}.Debug|x64.Build.0 = Debug|Any CPU
		{5CF6FD5B-A3AC-4D40-9141-18E7649EF668}.Release|Any CPU.ActiveCfg = Release|Any CPU
		{5CF6FD5B-A3AC-4D40-9141-18E7649EF668}.Release|Any CPU.Build.0 = Release|Any CPU
		{5CF6FD5B-A3AC-4D40-9141-18E7649EF668}.Release|x64.ActiveCfg = Release|Any CPU
		{5CF6FD5B-A3AC-4D40-9141-18E7649EF668}.Release|x64.Build.0 = Release|Any CPU
		{E6E1B595-51E9-41F9-9B41-8A5A47F05F67}.Debug|Any CPU.ActiveCfg = Debug|Any CPU
		{E6E1B595-51E9-41F9-9B41-8A5A47F05F67}.Debug|Any CPU.Build.0 = Debug|Any CPU
		{E6E1B595-51E9-41F9-9B41-8A5A47F05F67}.Debug|x64.ActiveCfg = Debug|Any CPU
		{E6E1B595-51E9-41F9-9B41-8A5A47F05F67}.Debug|x64.Build.0 = Debug|Any CPU
		{E6E1B595-51E9-41F9-9B41-8A5A47F05F67}.Release|Any CPU.ActiveCfg = Release|Any CPU
		{E6E1B595-51E9-41F9-9B41-8A5A47F05F67}.Release|Any CPU.Build.0 = Release|Any CPU
		{E6E1B595-51E9-41F9-9B41-8A5A47F05F67}.Release|x64.ActiveCfg = Release|Any CPU
		{E6E1B595-51E9-41F9-9B41-8A5A47F05F67}.Release|x64.Build.0 = Release|Any CPU
		{A3C0E481-43F5-4B3D-9BC6-F4BB1BAE2A08}.Debug|Any CPU.ActiveCfg = Debug|Any CPU
		{A3C0E481-43F5-4B3D-9BC6-F4BB1BAE2A08}.Debug|Any CPU.Build.0 = Debug|Any CPU
		{A3C0E481-43F5-4B3D-9BC6-F4BB1BAE2A08}.Debug|x64.ActiveCfg = Debug|Any CPU
		{A3C0E481-43F5-4B3D-9BC6-F4BB1BAE2A08}.Debug|x64.Build.0 = Debug|Any CPU
		{A3C0E481-43F5-4B3D-9BC6-F4BB1BAE2A08}.Release|Any CPU.ActiveCfg = Release|Any CPU
		{A3C0E481-43F5-4B3D-9BC6-F4BB1BAE2A08}.Release|Any CPU.Build.0 = Release|Any CPU
		{A3C0E481-43F5-4B3D-9BC6-F4BB1BAE2A08}.Release|x64.ActiveCfg = Release|Any CPU
		{A3C0E481-43F5-4B3D-9BC6-F4BB1BAE2A08}.Release|x64.Build.0 = Release|Any CPU
		{5F30F1B8-6606-41A8-BE9E-5F969D7F3113}.Debug|Any CPU.ActiveCfg = Debug|Any CPU
		{5F30F1B8-6606-41A8-BE9E-5F969D7F3113}.Debug|Any CPU.Build.0 = Debug|Any CPU
		{5F30F1B8-6606-41A8-BE9E-5F969D7F3113}.Debug|x64.ActiveCfg = Debug|Any CPU
		{5F30F1B8-6606-41A8-BE9E-5F969D7F3113}.Debug|x64.Build.0 = Debug|Any CPU
		{5F30F1B8-6606-41A8-BE9E-5F969D7F3113}.Release|Any CPU.ActiveCfg = Release|Any CPU
		{5F30F1B8-6606-41A8-BE9E-5F969D7F3113}.Release|Any CPU.Build.0 = Release|Any CPU
		{5F30F1B8-6606-41A8-BE9E-5F969D7F3113}.Release|x64.ActiveCfg = Release|Any CPU
		{5F30F1B8-6606-41A8-BE9E-5F969D7F3113}.Release|x64.Build.0 = Release|Any CPU
		{0F22373E-E0A2-494C-9E6C-4037DFEEA5BB}.Debug|Any CPU.ActiveCfg = Debug|Any CPU
		{0F22373E-E0A2-494C-9E6C-4037DFEEA5BB}.Debug|Any CPU.Build.0 = Debug|Any CPU
		{0F22373E-E0A2-494C-9E6C-4037DFEEA5BB}.Debug|x64.ActiveCfg = Debug|Any CPU
		{0F22373E-E0A2-494C-9E6C-4037DFEEA5BB}.Debug|x64.Build.0 = Debug|Any CPU
		{0F22373E-E0A2-494C-9E6C-4037DFEEA5BB}.Release|Any CPU.ActiveCfg = Release|Any CPU
		{0F22373E-E0A2-494C-9E6C-4037DFEEA5BB}.Release|Any CPU.Build.0 = Release|Any CPU
		{0F22373E-E0A2-494C-9E6C-4037DFEEA5BB}.Release|x64.ActiveCfg = Release|Any CPU
		{0F22373E-E0A2-494C-9E6C-4037DFEEA5BB}.Release|x64.Build.0 = Release|Any CPU
		{A6454BD5-8731-42F2-86EC-E9C12FC7C112}.Debug|Any CPU.ActiveCfg = Debug|Any CPU
		{A6454BD5-8731-42F2-86EC-E9C12FC7C112}.Debug|Any CPU.Build.0 = Debug|Any CPU
		{A6454BD5-8731-42F2-86EC-E9C12FC7C112}.Debug|x64.ActiveCfg = Debug|Any CPU
		{A6454BD5-8731-42F2-86EC-E9C12FC7C112}.Debug|x64.Build.0 = Debug|Any CPU
		{A6454BD5-8731-42F2-86EC-E9C12FC7C112}.Release|Any CPU.ActiveCfg = Release|Any CPU
		{A6454BD5-8731-42F2-86EC-E9C12FC7C112}.Release|Any CPU.Build.0 = Release|Any CPU
		{A6454BD5-8731-42F2-86EC-E9C12FC7C112}.Release|x64.ActiveCfg = Release|Any CPU
		{A6454BD5-8731-42F2-86EC-E9C12FC7C112}.Release|x64.Build.0 = Release|Any CPU
		{44608950-27AB-46DE-B940-20A11B8BC296}.Debug|Any CPU.ActiveCfg = Debug|Any CPU
		{44608950-27AB-46DE-B940-20A11B8BC296}.Debug|Any CPU.Build.0 = Debug|Any CPU
		{44608950-27AB-46DE-B940-20A11B8BC296}.Debug|x64.ActiveCfg = Debug|Any CPU
		{44608950-27AB-46DE-B940-20A11B8BC296}.Debug|x64.Build.0 = Debug|Any CPU
		{44608950-27AB-46DE-B940-20A11B8BC296}.Release|Any CPU.ActiveCfg = Release|Any CPU
		{44608950-27AB-46DE-B940-20A11B8BC296}.Release|Any CPU.Build.0 = Release|Any CPU
		{44608950-27AB-46DE-B940-20A11B8BC296}.Release|x64.ActiveCfg = Release|Any CPU
		{44608950-27AB-46DE-B940-20A11B8BC296}.Release|x64.Build.0 = Release|Any CPU
		{6F4549C7-D6A9-4D2A-AB15-8016A03C7EC3}.Debug|Any CPU.ActiveCfg = Debug|Any CPU
		{6F4549C7-D6A9-4D2A-AB15-8016A03C7EC3}.Debug|Any CPU.Build.0 = Debug|Any CPU
		{6F4549C7-D6A9-4D2A-AB15-8016A03C7EC3}.Debug|x64.ActiveCfg = Debug|Any CPU
		{6F4549C7-D6A9-4D2A-AB15-8016A03C7EC3}.Debug|x64.Build.0 = Debug|Any CPU
		{6F4549C7-D6A9-4D2A-AB15-8016A03C7EC3}.Release|Any CPU.ActiveCfg = Release|Any CPU
		{6F4549C7-D6A9-4D2A-AB15-8016A03C7EC3}.Release|Any CPU.Build.0 = Release|Any CPU
		{6F4549C7-D6A9-4D2A-AB15-8016A03C7EC3}.Release|x64.ActiveCfg = Release|Any CPU
		{6F4549C7-D6A9-4D2A-AB15-8016A03C7EC3}.Release|x64.Build.0 = Release|Any CPU
		{EFD8A6E2-D51E-45CF-9F1B-3AEFF118A42A}.Debug|Any CPU.ActiveCfg = Debug|Any CPU
		{EFD8A6E2-D51E-45CF-9F1B-3AEFF118A42A}.Debug|Any CPU.Build.0 = Debug|Any CPU
		{EFD8A6E2-D51E-45CF-9F1B-3AEFF118A42A}.Debug|x64.ActiveCfg = Debug|Any CPU
		{EFD8A6E2-D51E-45CF-9F1B-3AEFF118A42A}.Debug|x64.Build.0 = Debug|Any CPU
		{EFD8A6E2-D51E-45CF-9F1B-3AEFF118A42A}.Release|Any CPU.ActiveCfg = Release|Any CPU
		{EFD8A6E2-D51E-45CF-9F1B-3AEFF118A42A}.Release|Any CPU.Build.0 = Release|Any CPU
		{EFD8A6E2-D51E-45CF-9F1B-3AEFF118A42A}.Release|x64.ActiveCfg = Release|Any CPU
		{EFD8A6E2-D51E-45CF-9F1B-3AEFF118A42A}.Release|x64.Build.0 = Release|Any CPU
		{3E72D9F7-03F6-48E2-9A10-D174BCC0F35A}.Debug|Any CPU.ActiveCfg = Debug|Any CPU
		{3E72D9F7-03F6-48E2-9A10-D174BCC0F35A}.Debug|Any CPU.Build.0 = Debug|Any CPU
		{3E72D9F7-03F6-48E2-9A10-D174BCC0F35A}.Debug|x64.ActiveCfg = Debug|Any CPU
		{3E72D9F7-03F6-48E2-9A10-D174BCC0F35A}.Debug|x64.Build.0 = Debug|Any CPU
		{3E72D9F7-03F6-48E2-9A10-D174BCC0F35A}.Release|Any CPU.ActiveCfg = Release|Any CPU
		{3E72D9F7-03F6-48E2-9A10-D174BCC0F35A}.Release|Any CPU.Build.0 = Release|Any CPU
		{3E72D9F7-03F6-48E2-9A10-D174BCC0F35A}.Release|x64.ActiveCfg = Release|Any CPU
		{3E72D9F7-03F6-48E2-9A10-D174BCC0F35A}.Release|x64.Build.0 = Release|Any CPU
		{1B613A2D-985C-4B95-B150-6056B2628708}.Debug|Any CPU.ActiveCfg = Debug|Any CPU
		{1B613A2D-985C-4B95-B150-6056B2628708}.Debug|Any CPU.Build.0 = Debug|Any CPU
		{1B613A2D-985C-4B95-B150-6056B2628708}.Debug|x64.ActiveCfg = Debug|Any CPU
		{1B613A2D-985C-4B95-B150-6056B2628708}.Debug|x64.Build.0 = Debug|Any CPU
		{1B613A2D-985C-4B95-B150-6056B2628708}.Release|Any CPU.ActiveCfg = Release|Any CPU
		{1B613A2D-985C-4B95-B150-6056B2628708}.Release|Any CPU.Build.0 = Release|Any CPU
		{1B613A2D-985C-4B95-B150-6056B2628708}.Release|x64.ActiveCfg = Release|Any CPU
		{1B613A2D-985C-4B95-B150-6056B2628708}.Release|x64.Build.0 = Release|Any CPU
	EndGlobalSection
	GlobalSection(SolutionProperties) = preSolution
		HideSolutionNode = FALSE
	EndGlobalSection
EndGlobal
